
Microsoft Visual Studio Solution File, Format Version 12.00
# Visual Studio Version 17
VisualStudioVersion = 17.3.32804.467
MinimumVisualStudioVersion = 10.0.40219.1
Project("{2150E333-8FDC-42A3-9474-1A3956D46DE8}") = "src", "src", "{060F5868-B578-46A3-9312-97E984D989FC}"
EndProject
Project("{9A19103F-16F7-4668-BE54-9A1E7A4F7556}") = "PFL.Entities", "PVL.Entities\PFL.Entities.csproj", "{09A10153-8E06-4E47-9E93-2366FADEDF64}"
EndProject
Project("{9A19103F-16F7-4668-BE54-9A1E7A4F7556}") = "PFL.Core", "PFL.Core\PFL.Core.csproj", "{8913EE83-B480-4789-8817-C6B435270DB7}"
EndProject
Project("{9A19103F-16F7-4668-BE54-9A1E7A4F7556}") = "PFL.Business", "PFL.Business\PFL.Business.csproj", "{B519541D-43F9-4914-9C77-79F756A6D4BE}"
EndProject
Project("{FAE04EC0-301F-11D3-BF4B-00C04F79EFBC}") = "PersonalFavListApi", "PersonalFavListApi\PersonalFavListApi.csproj", "{99DBC9D3-A40E-42A0-8F50-2D440BDD13D9}"
EndProject
Global
	GlobalSection(SolutionConfigurationPlatforms) = preSolution
		Debug|Any CPU = Debug|Any CPU
		Release|Any CPU = Release|Any CPU
	EndGlobalSection
	GlobalSection(ProjectConfigurationPlatforms) = postSolution
		{09A10153-8E06-4E47-9E93-2366FADEDF64}.Debug|Any CPU.ActiveCfg = Debug|Any CPU
		{09A10153-8E06-4E47-9E93-2366FADEDF64}.Debug|Any CPU.Build.0 = Debug|Any CPU
		{09A10153-8E06-4E47-9E93-2366FADEDF64}.Release|Any CPU.ActiveCfg = Release|Any CPU
		{09A10153-8E06-4E47-9E93-2366FADEDF64}.Release|Any CPU.Build.0 = Release|Any CPU
		{8913EE83-B480-4789-8817-C6B435270DB7}.Debug|Any CPU.ActiveCfg = Debug|Any CPU
		{8913EE83-B480-4789-8817-C6B435270DB7}.Debug|Any CPU.Build.0 = Debug|Any CPU
		{8913EE83-B480-4789-8817-C6B435270DB7}.Release|Any CPU.ActiveCfg = Release|Any CPU
		{8913EE83-B480-4789-8817-C6B435270DB7}.Release|Any CPU.Build.0 = Release|Any CPU
		{B519541D-43F9-4914-9C77-79F756A6D4BE}.Debug|Any CPU.ActiveCfg = Debug|Any CPU
		{B519541D-43F9-4914-9C77-79F756A6D4BE}.Debug|Any CPU.Build.0 = Debug|Any CPU
		{B519541D-43F9-4914-9C77-79F756A6D4BE}.Release|Any CPU.ActiveCfg = Release|Any CPU
		{B519541D-43F9-4914-9C77-79F756A6D4BE}.Release|Any CPU.Build.0 = Release|Any CPU
		{99DBC9D3-A40E-42A0-8F50-2D440BDD13D9}.Debug|Any CPU.ActiveCfg = Debug|Any CPU
		{99DBC9D3-A40E-42A0-8F50-2D440BDD13D9}.Debug|Any CPU.Build.0 = Debug|Any CPU
		{99DBC9D3-A40E-42A0-8F50-2D440BDD13D9}.Release|Any CPU.ActiveCfg = Release|Any CPU
		{99DBC9D3-A40E-42A0-8F50-2D440BDD13D9}.Release|Any CPU.Build.0 = Release|Any CPU
	EndGlobalSection
	GlobalSection(SolutionProperties) = preSolution
		HideSolutionNode = FALSE
	EndGlobalSection
	GlobalSection(NestedProjects) = preSolution
		{09A10153-8E06-4E47-9E93-2366FADEDF64} = {060F5868-B578-46A3-9312-97E984D989FC}
		{8913EE83-B480-4789-8817-C6B435270DB7} = {060F5868-B578-46A3-9312-97E984D989FC}
		{B519541D-43F9-4914-9C77-79F756A6D4BE} = {060F5868-B578-46A3-9312-97E984D989FC}
		{99DBC9D3-A40E-42A0-8F50-2D440BDD13D9} = {060F5868-B578-46A3-9312-97E984D989FC}
	EndGlobalSection
	GlobalSection(ExtensibilityGlobals) = postSolution
		SolutionGuid = {C9F86FAD-CD28-464D-9BBB-E94EE401192B}
	EndGlobalSection
EndGlobal
